// !$*UTF8*$!
{
	archiveVersion = 1;
	classes = {
	};
	objectVersion = 46;
	objects = {

/* Begin PBXBuildFile section */
		2CA3EDBE16BFEAFD0059FE6E /* QuartzCore.framework in Frameworks */ = {isa = PBXBuildFile; fileRef = 2CA3EDBD16BFEAFC0059FE6E /* QuartzCore.framework */; };
		2CA3EDC216BFF8470059FE6E /* NSColor+CGColor.m in Sources */ = {isa = PBXBuildFile; fileRef = 2CA3EDC016BFEFED0059FE6E /* NSColor+CGColor.m */; };
		A98AB3BE16BFBF6300DBEA7E /* awesomeCharts-Info.plist in Resources */ = {isa = PBXBuildFile; fileRef = A98AB3AC16BFBF6300DBEA7E /* awesomeCharts-Info.plist */; };
		A98AB3BF16BFBF6300DBEA7E /* Credits.rtf in Resources */ = {isa = PBXBuildFile; fileRef = A98AB3AE16BFBF6300DBEA7E /* Credits.rtf */; };
		A98AB3C016BFBF6300DBEA7E /* InfoPlist.strings in Resources */ = {isa = PBXBuildFile; fileRef = A98AB3B016BFBF6300DBEA7E /* InfoPlist.strings */; };
		A98AB3C116BFBF6300DBEA7E /* MainMenu.xib in Resources */ = {isa = PBXBuildFile; fileRef = A98AB3B216BFBF6300DBEA7E /* MainMenu.xib */; };
		A98AB3C216BFBF6300DBEA7E /* MAAttachedWindow.m in Sources */ = {isa = PBXBuildFile; fileRef = A98AB3B616BFBF6300DBEA7E /* MAAttachedWindow.m */; };
		A98AB3C316BFBF6300DBEA7E /* main.m in Sources */ = {isa = PBXBuildFile; fileRef = A98AB3B716BFBF6300DBEA7E /* main.m */; };
		A98AB3C416BFBF6300DBEA7E /* SUAppDelegate.m in Sources */ = {isa = PBXBuildFile; fileRef = A98AB3B916BFBF6300DBEA7E /* SUAppDelegate.m */; };
		A98AB3C516BFBF6300DBEA7E /* SUGraphView.m in Sources */ = {isa = PBXBuildFile; fileRef = A98AB3BB16BFBF6300DBEA7E /* SUGraphView.m */; };
		A98AB3C616BFBF6300DBEA7E /* SULineGraph.m in Sources */ = {isa = PBXBuildFile; fileRef = A98AB3BD16BFBF6300DBEA7E /* SULineGraph.m */; };
		A9A8691816B1A052008A63FD /* Cocoa.framework in Frameworks */ = {isa = PBXBuildFile; fileRef = A9A8691716B1A052008A63FD /* Cocoa.framework */; };
		A9A8693816B1A10F008A63FD /* AppKit.framework in Frameworks */ = {isa = PBXBuildFile; fileRef = A9A8691A16B1A052008A63FD /* AppKit.framework */; };
		F4CE121F16CFF03C004F2656 /* SUPieChart.m in Sources */ = {isa = PBXBuildFile; fileRef = F4CE121E16CFF03C004F2656 /* SUPieChart.m */; };
/* End PBXBuildFile section */

/* Begin PBXCopyFilesBuildPhase section */
		A9A8693616B1A076008A63FD /* CopyFiles */ = {
			isa = PBXCopyFilesBuildPhase;
			buildActionMask = 2147483647;
			dstPath = "";
			dstSubfolderSpec = 10;
			files = (
			);
			runOnlyForDeploymentPostprocessing = 0;
		};
/* End PBXCopyFilesBuildPhase section */

/* Begin PBXFileReference section */
		2CA3EDBD16BFEAFC0059FE6E /* QuartzCore.framework */ = {isa = PBXFileReference; lastKnownFileType = wrapper.framework; name = QuartzCore.framework; path = System/Library/Frameworks/QuartzCore.framework; sourceTree = SDKROOT; };
		2CA3EDBF16BFEFED0059FE6E /* NSColor+CGColor.h */ = {isa = PBXFileReference; fileEncoding = 4; lastKnownFileType = sourcecode.c.h; name = "NSColor+CGColor.h"; path = "awesomeCharts/NSColor+CGColor.h"; sourceTree = "<group>"; };
		2CA3EDC016BFEFED0059FE6E /* NSColor+CGColor.m */ = {isa = PBXFileReference; fileEncoding = 4; lastKnownFileType = sourcecode.c.objc; name = "NSColor+CGColor.m"; path = "awesomeCharts/NSColor+CGColor.m"; sourceTree = "<group>"; };
		A98AB3AC16BFBF6300DBEA7E /* awesomeCharts-Info.plist */ = {isa = PBXFileReference; fileEncoding = 4; lastKnownFileType = text.plist.xml; path = "awesomeCharts-Info.plist"; sourceTree = "<group>"; };
		A98AB3AD16BFBF6300DBEA7E /* awesomeCharts-Prefix.pch */ = {isa = PBXFileReference; fileEncoding = 4; lastKnownFileType = sourcecode.c.h; path = "awesomeCharts-Prefix.pch"; sourceTree = "<group>"; };
		A98AB3AF16BFBF6300DBEA7E /* en */ = {isa = PBXFileReference; lastKnownFileType = text.rtf; name = en; path = en.lproj/Credits.rtf; sourceTree = "<group>"; };
		A98AB3B116BFBF6300DBEA7E /* en */ = {isa = PBXFileReference; lastKnownFileType = text.plist.strings; name = en; path = en.lproj/InfoPlist.strings; sourceTree = "<group>"; };
		A98AB3B316BFBF6300DBEA7E /* en */ = {isa = PBXFileReference; lastKnownFileType = file.xib; name = en; path = en.lproj/MainMenu.xib; sourceTree = "<group>"; };
		A98AB3B516BFBF6300DBEA7E /* MAAttachedWindow.h */ = {isa = PBXFileReference; fileEncoding = 4; lastKnownFileType = sourcecode.c.h; path = MAAttachedWindow.h; sourceTree = "<group>"; };
		A98AB3B616BFBF6300DBEA7E /* MAAttachedWindow.m */ = {isa = PBXFileReference; fileEncoding = 4; lastKnownFileType = sourcecode.c.objc; path = MAAttachedWindow.m; sourceTree = "<group>"; };
		A98AB3B716BFBF6300DBEA7E /* main.m */ = {isa = PBXFileReference; fileEncoding = 4; lastKnownFileType = sourcecode.c.objc; path = main.m; sourceTree = "<group>"; };
		A98AB3B816BFBF6300DBEA7E /* SUAppDelegate.h */ = {isa = PBXFileReference; fileEncoding = 4; lastKnownFileType = sourcecode.c.h; path = SUAppDelegate.h; sourceTree = "<group>"; };
		A98AB3B916BFBF6300DBEA7E /* SUAppDelegate.m */ = {isa = PBXFileReference; fileEncoding = 4; lastKnownFileType = sourcecode.c.objc; path = SUAppDelegate.m; sourceTree = "<group>"; };
		A98AB3BA16BFBF6300DBEA7E /* SUGraphView.h */ = {isa = PBXFileReference; fileEncoding = 4; lastKnownFileType = sourcecode.c.h; path = SUGraphView.h; sourceTree = "<group>"; };
		A98AB3BB16BFBF6300DBEA7E /* SUGraphView.m */ = {isa = PBXFileReference; fileEncoding = 4; lastKnownFileType = sourcecode.c.objc; path = SUGraphView.m; sourceTree = "<group>"; };
		A98AB3BC16BFBF6300DBEA7E /* SULineGraph.h */ = {isa = PBXFileReference; fileEncoding = 4; lastKnownFileType = sourcecode.c.h; path = SULineGraph.h; sourceTree = "<group>"; };
		A98AB3BD16BFBF6300DBEA7E /* SULineGraph.m */ = {isa = PBXFileReference; fileEncoding = 4; lastKnownFileType = sourcecode.c.objc; path = SULineGraph.m; sourceTree = "<group>"; };
		A9A8691316B1A052008A63FD /* awesomeCharts.app */ = {isa = PBXFileReference; explicitFileType = wrapper.application; includeInIndex = 0; path = awesomeCharts.app; sourceTree = BUILT_PRODUCTS_DIR; };
		A9A8691716B1A052008A63FD /* Cocoa.framework */ = {isa = PBXFileReference; lastKnownFileType = wrapper.framework; name = Cocoa.framework; path = System/Library/Frameworks/Cocoa.framework; sourceTree = SDKROOT; };
		A9A8691A16B1A052008A63FD /* AppKit.framework */ = {isa = PBXFileReference; lastKnownFileType = wrapper.framework; name = AppKit.framework; path = System/Library/Frameworks/AppKit.framework; sourceTree = SDKROOT; };
		A9A8691B16B1A052008A63FD /* CoreData.framework */ = {isa = PBXFileReference; lastKnownFileType = wrapper.framework; name = CoreData.framework; path = System/Library/Frameworks/CoreData.framework; sourceTree = SDKROOT; };
		A9A8691C16B1A052008A63FD /* Foundation.framework */ = {isa = PBXFileReference; lastKnownFileType = wrapper.framework; name = Foundation.framework; path = System/Library/Frameworks/Foundation.framework; sourceTree = SDKROOT; };
		F4CE121D16CFF03C004F2656 /* SUPieChart.h */ = {isa = PBXFileReference; fileEncoding = 4; lastKnownFileType = sourcecode.c.h; path = SUPieChart.h; sourceTree = "<group>"; };
		F4CE121E16CFF03C004F2656 /* SUPieChart.m */ = {isa = PBXFileReference; fileEncoding = 4; lastKnownFileType = sourcecode.c.objc; path = SUPieChart.m; sourceTree = "<group>"; };
/* End PBXFileReference section */

/* Begin PBXFrameworksBuildPhase section */
		A9A8691016B1A052008A63FD /* Frameworks */ = {
			isa = PBXFrameworksBuildPhase;
			buildActionMask = 2147483647;
			files = (
				2CA3EDBE16BFEAFD0059FE6E /* QuartzCore.framework in Frameworks */,
				A9A8691816B1A052008A63FD /* Cocoa.framework in Frameworks */,
				A9A8693816B1A10F008A63FD /* AppKit.framework in Frameworks */,
			);
			runOnlyForDeploymentPostprocessing = 0;
		};
/* End PBXFrameworksBuildPhase section */

/* Begin PBXGroup section */
		2CA3EDC316BFFB370059FE6E /* Categories */ = {
			isa = PBXGroup;
			children = (
				2CA3EDBF16BFEFED0059FE6E /* NSColor+CGColor.h */,
				2CA3EDC016BFEFED0059FE6E /* NSColor+CGColor.m */,
			);
			name = Categories;
			path = ..;
			sourceTree = "<group>";
		};
		A98AB3AB16BFBF6300DBEA7E /* awesomeCharts */ = {
			isa = PBXGroup;
			children = (
				A98AB3AC16BFBF6300DBEA7E /* awesomeCharts-Info.plist */,
				A98AB3AD16BFBF6300DBEA7E /* awesomeCharts-Prefix.pch */,
				A98AB3AE16BFBF6300DBEA7E /* Credits.rtf */,
				A98AB3B016BFBF6300DBEA7E /* InfoPlist.strings */,
				A98AB3B216BFBF6300DBEA7E /* MainMenu.xib */,
				A98AB3B416BFBF6300DBEA7E /* MAAttachedWindow */,
				2CA3EDC316BFFB370059FE6E /* Categories */,
				A98AB3B716BFBF6300DBEA7E /* main.m */,
				A98AB3B816BFBF6300DBEA7E /* SUAppDelegate.h */,
				A98AB3B916BFBF6300DBEA7E /* SUAppDelegate.m */,
				A98AB3BA16BFBF6300DBEA7E /* SUGraphView.h */,
				A98AB3BB16BFBF6300DBEA7E /* SUGraphView.m */,
				A98AB3BC16BFBF6300DBEA7E /* SULineGraph.h */,
				A98AB3BD16BFBF6300DBEA7E /* SULineGraph.m */,
				F4CE121D16CFF03C004F2656 /* SUPieChart.h */,
				F4CE121E16CFF03C004F2656 /* SUPieChart.m */,
			);
			path = awesomeCharts;
			sourceTree = "<group>";
		};
		A98AB3B416BFBF6300DBEA7E /* MAAttachedWindow */ = {
			isa = PBXGroup;
			children = (
				A98AB3B516BFBF6300DBEA7E /* MAAttachedWindow.h */,
				A98AB3B616BFBF6300DBEA7E /* MAAttachedWindow.m */,
			);
			path = MAAttachedWindow;
			sourceTree = "<group>";
		};
		A9A8690816B1A052008A63FD = {
			isa = PBXGroup;
			children = (
				A98AB3AB16BFBF6300DBEA7E /* awesomeCharts */,
				A9A8691616B1A052008A63FD /* Frameworks */,
				A9A8691416B1A052008A63FD /* Products */,
			);
			sourceTree = "<group>";
		};
		A9A8691416B1A052008A63FD /* Products */ = {
			isa = PBXGroup;
			children = (
				A9A8691316B1A052008A63FD /* awesomeCharts.app */,
			);
			name = Products;
			sourceTree = "<group>";
		};
		A9A8691616B1A052008A63FD /* Frameworks */ = {
			isa = PBXGroup;
			children = (
				A9A8691716B1A052008A63FD /* Cocoa.framework */,
				A9A8691916B1A052008A63FD /* Other Frameworks */,
			);
			name = Frameworks;
			sourceTree = "<group>";
		};
		A9A8691916B1A052008A63FD /* Other Frameworks */ = {
			isa = PBXGroup;
			children = (
				2CA3EDBD16BFEAFC0059FE6E /* QuartzCore.framework */,
				A9A8691A16B1A052008A63FD /* AppKit.framework */,
				A9A8691B16B1A052008A63FD /* CoreData.framework */,
				A9A8691C16B1A052008A63FD /* Foundation.framework */,
			);
			name = "Other Frameworks";
			sourceTree = "<group>";
		};
/* End PBXGroup section */

/* Begin PBXNativeTarget section */
		A9A8691216B1A052008A63FD /* awesomeCharts */ = {
			isa = PBXNativeTarget;
			buildConfigurationList = A9A8693116B1A053008A63FD /* Build configuration list for PBXNativeTarget "awesomeCharts" */;
			buildPhases = (
				A9A8690F16B1A052008A63FD /* Sources */,
				A9A8691016B1A052008A63FD /* Frameworks */,
				A9A8691116B1A052008A63FD /* Resources */,
				A9A8693616B1A076008A63FD /* CopyFiles */,
			);
			buildRules = (
			);
			dependencies = (
			);
			name = awesomeCharts;
			productName = essai;
			productReference = A9A8691316B1A052008A63FD /* awesomeCharts.app */;
			productType = "com.apple.product-type.application";
		};
/* End PBXNativeTarget section */

/* Begin PBXProject section */
		A9A8690A16B1A052008A63FD /* Project object */ = {
			isa = PBXProject;
			attributes = {
				CLASSPREFIX = SU;
				LastUpgradeCheck = 0450;
				ORGANIZATIONNAME = Fabien;
			};
			buildConfigurationList = A9A8690D16B1A052008A63FD /* Build configuration list for PBXProject "awesomeCharts" */;
			compatibilityVersion = "Xcode 3.2";
			developmentRegion = English;
			hasScannedForEncodings = 0;
			knownRegions = (
				en,
			);
			mainGroup = A9A8690816B1A052008A63FD;
			productRefGroup = A9A8691416B1A052008A63FD /* Products */;
			projectDirPath = "";
			projectRoot = "";
			targets = (
				A9A8691216B1A052008A63FD /* awesomeCharts */,
			);
		};
/* End PBXProject section */

/* Begin PBXResourcesBuildPhase section */
		A9A8691116B1A052008A63FD /* Resources */ = {
			isa = PBXResourcesBuildPhase;
			buildActionMask = 2147483647;
			files = (
				A98AB3BE16BFBF6300DBEA7E /* awesomeCharts-Info.plist in Resources */,
				A98AB3BF16BFBF6300DBEA7E /* Credits.rtf in Resources */,
				A98AB3C016BFBF6300DBEA7E /* InfoPlist.strings in Resources */,
				A98AB3C116BFBF6300DBEA7E /* MainMenu.xib in Resources */,
			);
			runOnlyForDeploymentPostprocessing = 0;
		};
/* End PBXResourcesBuildPhase section */

/* Begin PBXSourcesBuildPhase section */
		A9A8690F16B1A052008A63FD /* Sources */ = {
			isa = PBXSourcesBuildPhase;
			buildActionMask = 2147483647;
			files = (
				2CA3EDC216BFF8470059FE6E /* NSColor+CGColor.m in Sources */,
				A98AB3C216BFBF6300DBEA7E /* MAAttachedWindow.m in Sources */,
				A98AB3C316BFBF6300DBEA7E /* main.m in Sources */,
				A98AB3C416BFBF6300DBEA7E /* SUAppDelegate.m in Sources */,
				A98AB3C516BFBF6300DBEA7E /* SUGraphView.m in Sources */,
				A98AB3C616BFBF6300DBEA7E /* SULineGraph.m in Sources */,
				F4CE121F16CFF03C004F2656 /* SUPieChart.m in Sources */,
			);
			runOnlyForDeploymentPostprocessing = 0;
		};
/* End PBXSourcesBuildPhase section */

/* Begin PBXVariantGroup section */
		A98AB3AE16BFBF6300DBEA7E /* Credits.rtf */ = {
			isa = PBXVariantGroup;
			children = (
				A98AB3AF16BFBF6300DBEA7E /* en */,
			);
			name = Credits.rtf;
			sourceTree = "<group>";
		};
		A98AB3B016BFBF6300DBEA7E /* InfoPlist.strings */ = {
			isa = PBXVariantGroup;
			children = (
				A98AB3B116BFBF6300DBEA7E /* en */,
			);
			name = InfoPlist.strings;
			sourceTree = "<group>";
		};
		A98AB3B216BFBF6300DBEA7E /* MainMenu.xib */ = {
			isa = PBXVariantGroup;
			children = (
				A98AB3B316BFBF6300DBEA7E /* en */,
			);
			name = MainMenu.xib;
			sourceTree = "<group>";
		};
/* End PBXVariantGroup section */

/* Begin XCBuildConfiguration section */
		A9A8692F16B1A053008A63FD /* Debug */ = {
			isa = XCBuildConfiguration;
			buildSettings = {
				ALWAYS_SEARCH_USER_PATHS = NO;
				ARCHS = "$(ARCHS_STANDARD_64_BIT)";
				CLANG_CXX_LANGUAGE_STANDARD = "gnu++0x";
				CLANG_CXX_LIBRARY = "libc++";
				CLANG_ENABLE_OBJC_ARC = YES;
				CLANG_WARN_EMPTY_BODY = YES;
				CLANG_WARN__DUPLICATE_METHOD_MATCH = YES;
				COPY_PHASE_STRIP = NO;
				GCC_C_LANGUAGE_STANDARD = gnu99;
				GCC_DYNAMIC_NO_PIC = NO;
				GCC_ENABLE_OBJC_EXCEPTIONS = YES;
				GCC_OPTIMIZATION_LEVEL = 0;
				GCC_PREPROCESSOR_DEFINITIONS = (
					"DEBUG=1",
					"$(inherited)",
				);
				GCC_SYMBOLS_PRIVATE_EXTERN = NO;
				GCC_WARN_64_TO_32_BIT_CONVERSION = YES;
				GCC_WARN_ABOUT_RETURN_TYPE = YES;
				GCC_WARN_UNINITIALIZED_AUTOS = YES;
				GCC_WARN_UNUSED_VARIABLE = YES;
				MACOSX_DEPLOYMENT_TARGET = 10.7;
				ONLY_ACTIVE_ARCH = YES;
				SDKROOT = macosx;
			};
			name = Debug;
		};
		A9A8693016B1A053008A63FD /* Release */ = {
			isa = XCBuildConfiguration;
			buildSettings = {
				ALWAYS_SEARCH_USER_PATHS = NO;
				ARCHS = "$(ARCHS_STANDARD_64_BIT)";
				CLANG_CXX_LANGUAGE_STANDARD = "gnu++0x";
				CLANG_CXX_LIBRARY = "libc++";
				CLANG_ENABLE_OBJC_ARC = YES;
				CLANG_WARN_EMPTY_BODY = YES;
				CLANG_WARN__DUPLICATE_METHOD_MATCH = YES;
				COPY_PHASE_STRIP = YES;
				DEBUG_INFORMATION_FORMAT = "dwarf-with-dsym";
				GCC_C_LANGUAGE_STANDARD = gnu99;
				GCC_ENABLE_OBJC_EXCEPTIONS = YES;
				GCC_WARN_64_TO_32_BIT_CONVERSION = YES;
				GCC_WARN_ABOUT_RETURN_TYPE = YES;
				GCC_WARN_UNINITIALIZED_AUTOS = YES;
				GCC_WARN_UNUSED_VARIABLE = YES;
				MACOSX_DEPLOYMENT_TARGET = 10.7;
				SDKROOT = macosx;
			};
			name = Release;
		};
		A9A8693216B1A053008A63FD /* Debug */ = {
			isa = XCBuildConfiguration;
			buildSettings = {
				COMBINE_HIDPI_IMAGES = YES;
				FRAMEWORK_SEARCH_PATHS = (
					"$(inherited)",
					"\"$(SRCROOT)\"",
				);
				GCC_PRECOMPILE_PREFIX_HEADER = YES;
				GCC_PREFIX_HEADER = "awesomeCharts/awesomeCharts-Prefix.pch";
				INFOPLIST_FILE = "$(SRCROOT)/awesomeCharts/awesomeCharts-Info.plist";
				MACOSX_DEPLOYMENT_TARGET = 10.7;
				PRODUCT_NAME = awesomeCharts;
				WRAPPER_EXTENSION = app;
			};
			name = Debug;
		};
		A9A8693316B1A053008A63FD /* Release */ = {
			isa = XCBuildConfiguration;
			buildSettings = {
				COMBINE_HIDPI_IMAGES = YES;
				FRAMEWORK_SEARCH_PATHS = (
					"$(inherited)",
					"\"$(SRCROOT)\"",
				);
				GCC_PRECOMPILE_PREFIX_HEADER = YES;
				GCC_PREFIX_HEADER = "awesomeCharts/awesomeCharts-Prefix.pch";
				INFOPLIST_FILE = "$(SRCROOT)/awesomeCharts/awesomeCharts-Info.plist";
				MACOSX_DEPLOYMENT_TARGET = 10.7;
				PRODUCT_NAME = awesomeCharts;
				WRAPPER_EXTENSION = app;
			};
			name = Release;
		};
/* End XCBuildConfiguration section */

/* Begin XCConfigurationList section */
		A9A8690D16B1A052008A63FD /* Build configuration list for PBXProject "awesomeCharts" */ = {
			isa = XCConfigurationList;
			buildConfigurations = (
				A9A8692F16B1A053008A63FD /* Debug */,
				A9A8693016B1A053008A63FD /* Release */,
			);
			defaultConfigurationIsVisible = 0;
			defaultConfigurationName = Release;
		};
		A9A8693116B1A053008A63FD /* Build configuration list for PBXNativeTarget "awesomeCharts" */ = {
			isa = XCConfigurationList;
			buildConfigurations = (
				A9A8693216B1A053008A63FD /* Debug */,
				A9A8693316B1A053008A63FD /* Release */,
			);
			defaultConfigurationIsVisible = 0;
			defaultConfigurationName = Release;
		};
/* End XCConfigurationList section */
	};
	rootObject = A9A8690A16B1A052008A63FD /* Project object */;
}
